
Microsoft Visual Studio Solution File, Format Version 12.00
# Visual Studio Version 16
VisualStudioVersion = 16.0.30330.147
MinimumVisualStudioVersion = 10.0.40219.1
Project("{9A19103F-16F7-4668-BE54-9A1E7A4F7556}") = "CareMonitor", "CareMonitor\CareMonitor.csproj", "{D252D689-5508-4773-898E-2F4C884DB681}"
EndProject
Project("{FAE04EC0-301F-11D3-BF4B-00C04F79EFBC}") = "BE", "BE\BE.csproj", "{1CB2BF3C-0254-47BC-86F1-E91D8DDEC86E}"
EndProject
Project("{FAE04EC0-301F-11D3-BF4B-00C04F79EFBC}") = "BLL", "BLL\BLL.csproj", "{6A26DB27-1249-4DD3-A24A-E28DC2DD6BC6}"
EndProject
Project("{FAE04EC0-301F-11D3-BF4B-00C04F79EFBC}") = "DAL", "DAL\DAL.csproj", "{7F7EA8B0-9EBB-42B2-8333-559765A11A3A}"
EndProject
Project("{FAE04EC0-301F-11D3-BF4B-00C04F79EFBC}") = "Seguridad", "Seguridad\Seguridad.csproj", "{9BAA00ED-46ED-4A21-9047-0211630F4397}"
EndProject
Global
	GlobalSection(SolutionConfigurationPlatforms) = preSolution
		Debug|Any CPU = Debug|Any CPU
		Release|Any CPU = Release|Any CPU
	EndGlobalSection
	GlobalSection(ProjectConfigurationPlatforms) = postSolution
		{D252D689-5508-4773-898E-2F4C884DB681}.Debug|Any CPU.ActiveCfg = Debug|Any CPU
		{D252D689-5508-4773-898E-2F4C884DB681}.Debug|Any CPU.Build.0 = Debug|Any CPU
		{D252D689-5508-4773-898E-2F4C884DB681}.Release|Any CPU.ActiveCfg = Release|Any CPU
		{D252D689-5508-4773-898E-2F4C884DB681}.Release|Any CPU.Build.0 = Release|Any CPU
		{1CB2BF3C-0254-47BC-86F1-E91D8DDEC86E}.Debug|Any CPU.ActiveCfg = Debug|Any CPU
		{1CB2BF3C-0254-47BC-86F1-E91D8DDEC86E}.Debug|Any CPU.Build.0 = Debug|Any CPU
		{1CB2BF3C-0254-47BC-86F1-E91D8DDEC86E}.Release|Any CPU.ActiveCfg = Release|Any CPU
		{1CB2BF3C-0254-47BC-86F1-E91D8DDEC86E}.Release|Any CPU.Build.0 = Release|Any CPU
		{6A26DB27-1249-4DD3-A24A-E28DC2DD6BC6}.Debug|Any CPU.ActiveCfg = Debug|Any CPU
		{6A26DB27-1249-4DD3-A24A-E28DC2DD6BC6}.Debug|Any CPU.Build.0 = Debug|Any CPU
		{6A26DB27-1249-4DD3-A24A-E28DC2DD6BC6}.Release|Any CPU.ActiveCfg = Release|Any CPU
		{6A26DB27-1249-4DD3-A24A-E28DC2DD6BC6}.Release|Any CPU.Build.0 = Release|Any CPU
		{7F7EA8B0-9EBB-42B2-8333-559765A11A3A}.Debug|Any CPU.ActiveCfg = Debug|Any CPU
		{7F7EA8B0-9EBB-42B2-8333-559765A11A3A}.Debug|Any CPU.Build.0 = Debug|Any CPU
		{7F7EA8B0-9EBB-42B2-8333-559765A11A3A}.Release|Any CPU.ActiveCfg = Release|Any CPU
		{7F7EA8B0-9EBB-42B2-8333-559765A11A3A}.Release|Any CPU.Build.0 = Release|Any CPU
		{9BAA00ED-46ED-4A21-9047-0211630F4397}.Debug|Any CPU.ActiveCfg = Debug|Any CPU
		{9BAA00ED-46ED-4A21-9047-0211630F4397}.Debug|Any CPU.Build.0 = Debug|Any CPU
		{9BAA00ED-46ED-4A21-9047-0211630F4397}.Release|Any CPU.ActiveCfg = Release|Any CPU
		{9BAA00ED-46ED-4A21-9047-0211630F4397}.Release|Any CPU.Build.0 = Release|Any CPU
	EndGlobalSection
	GlobalSection(SolutionProperties) = preSolution
		HideSolutionNode = FALSE
	EndGlobalSection
	GlobalSection(ExtensibilityGlobals) = postSolution
		SolutionGuid = {CBA16240-4415-45A9-B3BD-DD8CA38F84A6}
	EndGlobalSection
EndGlobal
